
Microsoft Visual Studio Solution File, Format Version 12.00
# Visual Studio Version 16
VisualStudioVersion = 16.0.30011.22
MinimumVisualStudioVersion = 10.0.40219.1
Project("{9A19103F-16F7-4668-BE54-9A1E7A4F7556}") = "MonkeyButler", "src\MonkeyButler\MonkeyButler.csproj", "{15E95219-907F-4184-9010-46F89C0B6C09}"
EndProject
Project("{9A19103F-16F7-4668-BE54-9A1E7A4F7556}") = "MonkeyButler.Business", "src\MonkeyButler.Business\MonkeyButler.Business.csproj", "{66DAFD3D-D179-4424-AA95-1B4D219F432B}"
EndProject
Project("{9A19103F-16F7-4668-BE54-9A1E7A4F7556}") = "MonkeyButler.Tests", "tests\MonkeyButler.Tests\MonkeyButler.Tests.csproj", "{CF171A08-4A96-4E98-9C34-60F5ADA9B4DD}"
EndProject
Project("{2150E333-8FDC-42A3-9474-1A3956D46DE8}") = "tests", "tests", "{301622E0-AA35-417E-ABFA-FD0C4B73EBE4}"
EndProject
Project("{2150E333-8FDC-42A3-9474-1A3956D46DE8}") = "Solution Items", "Solution Items", "{478EBCBC-F75C-4668-8EB8-419C2D726E82}"
	ProjectSection(SolutionItems) = preProject
		.editorconfig = .editorconfig
	EndProjectSection
EndProject
Project("{2150E333-8FDC-42A3-9474-1A3956D46DE8}") = "src", "src", "{44F563AF-4D57-4A4C-9856-3A5947BCC9A6}"
EndProject
Project("{9A19103F-16F7-4668-BE54-9A1E7A4F7556}") = "MonkeyButler.Business.Tests", "tests\MonkeyButler.Business.Tests\MonkeyButler.Business.Tests.csproj", "{26EDEF26-C5B6-4D20-A829-CBB78389313D}"
EndProject
Project("{9A19103F-16F7-4668-BE54-9A1E7A4F7556}") = "MonkeyButler.Abstractions", "src\MonkeyButler.Abstractions\MonkeyButler.Abstractions.csproj", "{3E0027D3-A2CE-49B5-95D4-537969C5D6AB}"
EndProject
Project("{9A19103F-16F7-4668-BE54-9A1E7A4F7556}") = "MonkeyButler.Data.Api", "src\MonkeyButler.Data.Api\MonkeyButler.Data.Api.csproj", "{E4528603-872A-404A-8FF1-F9B30F2046BF}"
EndProject
Project("{9A19103F-16F7-4668-BE54-9A1E7A4F7556}") = "MonkeyButler.Data.Storage", "src\MonkeyButler.Data.Storage\MonkeyButler.Data.Storage.csproj", "{A1B26729-434C-4A61-AF79-8F513A0A488A}"
EndProject
Project("{9A19103F-16F7-4668-BE54-9A1E7A4F7556}") = "MonkeyButler.Data.Api.Tests", "tests\MonkeyButler.Data.Api.Tests\MonkeyButler.Data.Api.Tests.csproj", "{1445E4DB-1A78-4B72-9C9D-CC2B6789A7DE}"
EndProject
Project("{E53339B2-1760-4266-BCC7-CA923CBCF16C}") = "docker-compose", "docker-compose.dcproj", "{60D23E43-E570-4CF9-B173-A84AC282690E}"
EndProject
Global
	GlobalSection(SolutionConfigurationPlatforms) = preSolution
		Debug|Any CPU = Debug|Any CPU
		Release|Any CPU = Release|Any CPU
	EndGlobalSection
	GlobalSection(ProjectConfigurationPlatforms) = postSolution
		{15E95219-907F-4184-9010-46F89C0B6C09}.Debug|Any CPU.ActiveCfg = Debug|Any CPU
		{15E95219-907F-4184-9010-46F89C0B6C09}.Debug|Any CPU.Build.0 = Debug|Any CPU
		{15E95219-907F-4184-9010-46F89C0B6C09}.Release|Any CPU.ActiveCfg = Release|Any CPU
		{15E95219-907F-4184-9010-46F89C0B6C09}.Release|Any CPU.Build.0 = Release|Any CPU
		{66DAFD3D-D179-4424-AA95-1B4D219F432B}.Debug|Any CPU.ActiveCfg = Debug|Any CPU
		{66DAFD3D-D179-4424-AA95-1B4D219F432B}.Debug|Any CPU.Build.0 = Debug|Any CPU
		{66DAFD3D-D179-4424-AA95-1B4D219F432B}.Release|Any CPU.ActiveCfg = Release|Any CPU
		{66DAFD3D-D179-4424-AA95-1B4D219F432B}.Release|Any CPU.Build.0 = Release|Any CPU
		{CF171A08-4A96-4E98-9C34-60F5ADA9B4DD}.Debug|Any CPU.ActiveCfg = Debug|Any CPU
		{CF171A08-4A96-4E98-9C34-60F5ADA9B4DD}.Debug|Any CPU.Build.0 = Debug|Any CPU
		{CF171A08-4A96-4E98-9C34-60F5ADA9B4DD}.Release|Any CPU.ActiveCfg = Release|Any CPU
		{CF171A08-4A96-4E98-9C34-60F5ADA9B4DD}.Release|Any CPU.Build.0 = Release|Any CPU
		{26EDEF26-C5B6-4D20-A829-CBB78389313D}.Debug|Any CPU.ActiveCfg = Debug|Any CPU
		{26EDEF26-C5B6-4D20-A829-CBB78389313D}.Debug|Any CPU.Build.0 = Debug|Any CPU
		{26EDEF26-C5B6-4D20-A829-CBB78389313D}.Release|Any CPU.ActiveCfg = Release|Any CPU
		{26EDEF26-C5B6-4D20-A829-CBB78389313D}.Release|Any CPU.Build.0 = Release|Any CPU
		{3E0027D3-A2CE-49B5-95D4-537969C5D6AB}.Debug|Any CPU.ActiveCfg = Debug|Any CPU
		{3E0027D3-A2CE-49B5-95D4-537969C5D6AB}.Debug|Any CPU.Build.0 = Debug|Any CPU
		{3E0027D3-A2CE-49B5-95D4-537969C5D6AB}.Release|Any CPU.ActiveCfg = Release|Any CPU
		{3E0027D3-A2CE-49B5-95D4-537969C5D6AB}.Release|Any CPU.Build.0 = Release|Any CPU
		{E4528603-872A-404A-8FF1-F9B30F2046BF}.Debug|Any CPU.ActiveCfg = Debug|Any CPU
		{E4528603-872A-404A-8FF1-F9B30F2046BF}.Debug|Any CPU.Build.0 = Debug|Any CPU
		{E4528603-872A-404A-8FF1-F9B30F2046BF}.Release|Any CPU.ActiveCfg = Release|Any CPU
		{E4528603-872A-404A-8FF1-F9B30F2046BF}.Release|Any CPU.Build.0 = Release|Any CPU
		{A1B26729-434C-4A61-AF79-8F513A0A488A}.Debug|Any CPU.ActiveCfg = Debug|Any CPU
		{A1B26729-434C-4A61-AF79-8F513A0A488A}.Debug|Any CPU.Build.0 = Debug|Any CPU
		{A1B26729-434C-4A61-AF79-8F513A0A488A}.Release|Any CPU.ActiveCfg = Release|Any CPU
		{A1B26729-434C-4A61-AF79-8F513A0A488A}.Release|Any CPU.Build.0 = Release|Any CPU
		{1445E4DB-1A78-4B72-9C9D-CC2B6789A7DE}.Debug|Any CPU.ActiveCfg = Debug|Any CPU
		{1445E4DB-1A78-4B72-9C9D-CC2B6789A7DE}.Debug|Any CPU.Build.0 = Debug|Any CPU
		{1445E4DB-1A78-4B72-9C9D-CC2B6789A7DE}.Release|Any CPU.ActiveCfg = Release|Any CPU
		{1445E4DB-1A78-4B72-9C9D-CC2B6789A7DE}.Release|Any CPU.Build.0 = Release|Any CPU
		{60D23E43-E570-4CF9-B173-A84AC282690E}.Debug|Any CPU.ActiveCfg = Debug|Any CPU
		{60D23E43-E570-4CF9-B173-A84AC282690E}.Debug|Any CPU.Build.0 = Debug|Any CPU
		{60D23E43-E570-4CF9-B173-A84AC282690E}.Release|Any CPU.ActiveCfg = Release|Any CPU
		{60D23E43-E570-4CF9-B173-A84AC282690E}.Release|Any CPU.Build.0 = Release|Any CPU
	EndGlobalSection
	GlobalSection(SolutionProperties) = preSolution
		HideSolutionNode = FALSE
	EndGlobalSection
	GlobalSection(NestedProjects) = preSolution
		{15E95219-907F-4184-9010-46F89C0B6C09} = {44F563AF-4D57-4A4C-9856-3A5947BCC9A6}
		{66DAFD3D-D179-4424-AA95-1B4D219F432B} = {44F563AF-4D57-4A4C-9856-3A5947BCC9A6}
		{CF171A08-4A96-4E98-9C34-60F5ADA9B4DD} = {301622E0-AA35-417E-ABFA-FD0C4B73EBE4}
		{26EDEF26-C5B6-4D20-A829-CBB78389313D} = {301622E0-AA35-417E-ABFA-FD0C4B73EBE4}
		{3E0027D3-A2CE-49B5-95D4-537969C5D6AB} = {44F563AF-4D57-4A4C-9856-3A5947BCC9A6}
		{E4528603-872A-404A-8FF1-F9B30F2046BF} = {44F563AF-4D57-4A4C-9856-3A5947BCC9A6}
		{A1B26729-434C-4A61-AF79-8F513A0A488A} = {44F563AF-4D57-4A4C-9856-3A5947BCC9A6}
		{1445E4DB-1A78-4B72-9C9D-CC2B6789A7DE} = {301622E0-AA35-417E-ABFA-FD0C4B73EBE4}
	EndGlobalSection
	GlobalSection(ExtensibilityGlobals) = postSolution
		SolutionGuid = {54C118C7-885F-46C0-A770-78FCCDB0A826}
	EndGlobalSection
EndGlobal
