
Microsoft Visual Studio Solution File, Format Version 12.00
# Visual Studio 15
VisualStudioVersion = 15.0.27130.2036
MinimumVisualStudioVersion = 10.0.40219.1
Project("{9A19103F-16F7-4668-BE54-9A1E7A4F7556}") = "MonkeyButler.Bot", "Source\MonkeyButler.Bot\MonkeyButler.Bot.csproj", "{02C67291-94DE-4F0B-98B8-2CF343E79679}"
EndProject
Project("{9A19103F-16F7-4668-BE54-9A1E7A4F7556}") = "MonkeyButler.Bot.Tests", "Tests\MonkeyButler.Bot.Tests\MonkeyButler.Bot.Tests.csproj", "{8E431223-3EF6-4926-8E9D-8CB4F70225FA}"
EndProject
Project("{2150E333-8FDC-42A3-9474-1A3956D46DE8}") = "Solution Items", "Solution Items", "{95F7BA90-70F1-450E-8526-EE75CDEC73BF}"
	ProjectSection(SolutionItems) = preProject
		.editorconfig = .editorconfig
	EndProjectSection
EndProject
Project("{2150E333-8FDC-42A3-9474-1A3956D46DE8}") = "Source", "Source", "{529AAB23-40DA-4383-98A1-527EDFE0228A}"
EndProject
Project("{2150E333-8FDC-42A3-9474-1A3956D46DE8}") = "Tests", "Tests", "{E70E02AF-416B-4856-A20F-30E1F402E184}"
EndProject
Project("{9A19103F-16F7-4668-BE54-9A1E7A4F7556}") = "MonkeyButler.XivApi", "Source\MonkeyButler.XivApi\MonkeyButler.XivApi.csproj", "{EEEDAA6F-27A4-4060-BFDA-5A917067E7CC}"
EndProject
Project("{9A19103F-16F7-4668-BE54-9A1E7A4F7556}") = "MonkeyButler.XivApi.Models", "Source\MonkeyButler.XivApi.Models\MonkeyButler.XivApi.Models.csproj", "{985CF162-3DD6-4595-AA98-F212B8DAAEFC}"
EndProject
Project("{9A19103F-16F7-4668-BE54-9A1E7A4F7556}") = "MonkeyButler.XivApi.Tests", "Tests\MonkeyButler.XivApi.Tests\MonkeyButler.XivApi.Tests.csproj", "{C4402095-70B1-434B-83F5-AC9E5BE796D8}"
EndProject
Project("{9A19103F-16F7-4668-BE54-9A1E7A4F7556}") = "MonkeyButler.XivApi.Abstractions", "Source\MonkeyButler.XivApi.Abstractions\MonkeyButler.XivApi.Abstractions.csproj", "{B83ED5FB-5115-45B5-81C3-898A49B46B93}"
EndProject
Global
	GlobalSection(SolutionConfigurationPlatforms) = preSolution
		Debug|Any CPU = Debug|Any CPU
		Release|Any CPU = Release|Any CPU
	EndGlobalSection
	GlobalSection(ProjectConfigurationPlatforms) = postSolution
		{02C67291-94DE-4F0B-98B8-2CF343E79679}.Debug|Any CPU.ActiveCfg = Debug|Any CPU
		{02C67291-94DE-4F0B-98B8-2CF343E79679}.Debug|Any CPU.Build.0 = Debug|Any CPU
		{02C67291-94DE-4F0B-98B8-2CF343E79679}.Release|Any CPU.ActiveCfg = Release|Any CPU
		{02C67291-94DE-4F0B-98B8-2CF343E79679}.Release|Any CPU.Build.0 = Release|Any CPU
		{8E431223-3EF6-4926-8E9D-8CB4F70225FA}.Debug|Any CPU.ActiveCfg = Debug|Any CPU
		{8E431223-3EF6-4926-8E9D-8CB4F70225FA}.Debug|Any CPU.Build.0 = Debug|Any CPU
		{8E431223-3EF6-4926-8E9D-8CB4F70225FA}.Release|Any CPU.ActiveCfg = Release|Any CPU
		{8E431223-3EF6-4926-8E9D-8CB4F70225FA}.Release|Any CPU.Build.0 = Release|Any CPU
		{EEEDAA6F-27A4-4060-BFDA-5A917067E7CC}.Debug|Any CPU.ActiveCfg = Debug|Any CPU
		{EEEDAA6F-27A4-4060-BFDA-5A917067E7CC}.Debug|Any CPU.Build.0 = Debug|Any CPU
		{EEEDAA6F-27A4-4060-BFDA-5A917067E7CC}.Release|Any CPU.ActiveCfg = Release|Any CPU
		{EEEDAA6F-27A4-4060-BFDA-5A917067E7CC}.Release|Any CPU.Build.0 = Release|Any CPU
		{985CF162-3DD6-4595-AA98-F212B8DAAEFC}.Debug|Any CPU.ActiveCfg = Debug|Any CPU
		{985CF162-3DD6-4595-AA98-F212B8DAAEFC}.Debug|Any CPU.Build.0 = Debug|Any CPU
		{985CF162-3DD6-4595-AA98-F212B8DAAEFC}.Release|Any CPU.ActiveCfg = Release|Any CPU
		{985CF162-3DD6-4595-AA98-F212B8DAAEFC}.Release|Any CPU.Build.0 = Release|Any CPU
		{C4402095-70B1-434B-83F5-AC9E5BE796D8}.Debug|Any CPU.ActiveCfg = Debug|Any CPU
		{C4402095-70B1-434B-83F5-AC9E5BE796D8}.Debug|Any CPU.Build.0 = Debug|Any CPU
		{C4402095-70B1-434B-83F5-AC9E5BE796D8}.Release|Any CPU.ActiveCfg = Release|Any CPU
		{C4402095-70B1-434B-83F5-AC9E5BE796D8}.Release|Any CPU.Build.0 = Release|Any CPU
		{B83ED5FB-5115-45B5-81C3-898A49B46B93}.Debug|Any CPU.ActiveCfg = Debug|Any CPU
		{B83ED5FB-5115-45B5-81C3-898A49B46B93}.Debug|Any CPU.Build.0 = Debug|Any CPU
		{B83ED5FB-5115-45B5-81C3-898A49B46B93}.Release|Any CPU.ActiveCfg = Release|Any CPU
		{B83ED5FB-5115-45B5-81C3-898A49B46B93}.Release|Any CPU.Build.0 = Release|Any CPU
	EndGlobalSection
	GlobalSection(SolutionProperties) = preSolution
		HideSolutionNode = FALSE
	EndGlobalSection
	GlobalSection(NestedProjects) = preSolution
		{02C67291-94DE-4F0B-98B8-2CF343E79679} = {529AAB23-40DA-4383-98A1-527EDFE0228A}
		{8E431223-3EF6-4926-8E9D-8CB4F70225FA} = {E70E02AF-416B-4856-A20F-30E1F402E184}
		{EEEDAA6F-27A4-4060-BFDA-5A917067E7CC} = {529AAB23-40DA-4383-98A1-527EDFE0228A}
		{985CF162-3DD6-4595-AA98-F212B8DAAEFC} = {529AAB23-40DA-4383-98A1-527EDFE0228A}
		{C4402095-70B1-434B-83F5-AC9E5BE796D8} = {E70E02AF-416B-4856-A20F-30E1F402E184}
		{B83ED5FB-5115-45B5-81C3-898A49B46B93} = {529AAB23-40DA-4383-98A1-527EDFE0228A}
	EndGlobalSection
	GlobalSection(ExtensibilityGlobals) = postSolution
		SolutionGuid = {028061B5-033A-4FA4-B3F7-CCAADA586A54}
	EndGlobalSection
EndGlobal
